// !$*UTF8*$!
{
	archiveVersion = 1;
	classes = {
	};
	objectVersion = 56;
	objects = {

/* Begin PBXBuildFile section */
		FF05054D2AE8526E00E3FAAB /* NavDrawerView.swift in Sources */ = {isa = PBXBuildFile; fileRef = FF05054C2AE8526E00E3FAAB /* NavDrawerView.swift */; };
		FF3694AF2A9BB7B0005EB026 /* MyToDoListApp.swift in Sources */ = {isa = PBXBuildFile; fileRef = FF3694AE2A9BB7B0005EB026 /* MyToDoListApp.swift */; };
		FF3694B12A9BB7B0005EB026 /* TaskListView.swift in Sources */ = {isa = PBXBuildFile; fileRef = FF3694B02A9BB7B0005EB026 /* TaskListView.swift */; };
		FF3694B32A9BB7B1005EB026 /* Assets.xcassets in Resources */ = {isa = PBXBuildFile; fileRef = FF3694B22A9BB7B1005EB026 /* Assets.xcassets */; };
		FF3694B62A9BB7B1005EB026 /* Preview Assets.xcassets in Resources */ = {isa = PBXBuildFile; fileRef = FF3694B52A9BB7B1005EB026 /* Preview Assets.xcassets */; };
		FF3694B82A9BB7B1005EB026 /* Persistence.swift in Sources */ = {isa = PBXBuildFile; fileRef = FF3694B72A9BB7B1005EB026 /* Persistence.swift */; };
		FF3694BB2A9BB7B1005EB026 /* MyToDoList.xcdatamodeld in Sources */ = {isa = PBXBuildFile; fileRef = FF3694B92A9BB7B1005EB026 /* MyToDoList.xcdatamodeld */; };
		FF3694C62A9BB7B1005EB026 /* MyToDoListTests.swift in Sources */ = {isa = PBXBuildFile; fileRef = FF3694C52A9BB7B1005EB026 /* MyToDoListTests.swift */; };
		FF3694D02A9BB7B1005EB026 /* MyToDoListUITests.swift in Sources */ = {isa = PBXBuildFile; fileRef = FF3694CF2A9BB7B1005EB026 /* MyToDoListUITests.swift */; };
		FF3694D22A9BB7B1005EB026 /* MyToDoListUITestsLaunchTests.swift in Sources */ = {isa = PBXBuildFile; fileRef = FF3694D12A9BB7B1005EB026 /* MyToDoListUITestsLaunchTests.swift */; };
		FF3694DF2A9BBA64005EB026 /* FloatingButton.swift in Sources */ = {isa = PBXBuildFile; fileRef = FF3694DE2A9BBA64005EB026 /* FloatingButton.swift */; };
		FF3694E22A9BBAF3005EB026 /* TaskEditView.swift in Sources */ = {isa = PBXBuildFile; fileRef = FF3694E12A9BBAF3005EB026 /* TaskEditView.swift */; };
		FF3694E42A9BC887005EB026 /* DateHolder.swift in Sources */ = {isa = PBXBuildFile; fileRef = FF3694E32A9BC887005EB026 /* DateHolder.swift */; };
		FF3694E62A9BCD3A005EB026 /* TaskCell.swift in Sources */ = {isa = PBXBuildFile; fileRef = FF3694E52A9BCD3A005EB026 /* TaskCell.swift */; };
		FF3694E82A9BCE43005EB026 /* CheckBoxView.swift in Sources */ = {isa = PBXBuildFile; fileRef = FF3694E72A9BCE43005EB026 /* CheckBoxView.swift */; };
		FF3694EB2A9BCF0A005EB026 /* TaskItemExtension.swift in Sources */ = {isa = PBXBuildFile; fileRef = FF3694EA2A9BCF0A005EB026 /* TaskItemExtension.swift */; };
		FF3694ED2A9BD591005EB026 /* DateScroller.swift in Sources */ = {isa = PBXBuildFile; fileRef = FF3694EC2A9BD591005EB026 /* DateScroller.swift */; };
		FF3694EF2A9CF65D005EB026 /* TaskFilter.swift in Sources */ = {isa = PBXBuildFile; fileRef = FF3694EE2A9CF65D005EB026 /* TaskFilter.swift */; };
		FF3694F12A9D4522005EB026 /* DateFilter.swift in Sources */ = {isa = PBXBuildFile; fileRef = FF3694F02A9D4522005EB026 /* DateFilter.swift */; };
		FF3694F72A9DC9EA005EB026 /* PriorityFilter.swift in Sources */ = {isa = PBXBuildFile; fileRef = FF3694F62A9DC9EA005EB026 /* PriorityFilter.swift */; };
		FF3694FD2A9FD720005EB026 /* TaskTags.swift in Sources */ = {isa = PBXBuildFile; fileRef = FF3694FC2A9FD720005EB026 /* TaskTags.swift */; };
		FFD3282C2AE5BDA20016BEF5 /* NavigationDrawer.swift in Sources */ = {isa = PBXBuildFile; fileRef = FFD3282B2AE5BDA20016BEF5 /* NavigationDrawer.swift */; };
		FFD3282E2AE5C5360016BEF5 /* NavigationDrawerView.swift in Sources */ = {isa = PBXBuildFile; fileRef = FFD3282D2AE5C5360016BEF5 /* NavigationDrawerView.swift */; };
		FFD328312AE5CCD40016BEF5 /* HomeView.swift in Sources */ = {isa = PBXBuildFile; fileRef = FFD328302AE5CCD40016BEF5 /* HomeView.swift */; };
		FFD328332AE5CCF40016BEF5 /* TagsView.swift in Sources */ = {isa = PBXBuildFile; fileRef = FFD328322AE5CCF40016BEF5 /* TagsView.swift */; };
		FFD328352AE5CCFF0016BEF5 /* SettingsView.swift in Sources */ = {isa = PBXBuildFile; fileRef = FFD328342AE5CCFF0016BEF5 /* SettingsView.swift */; };
/* End PBXBuildFile section */

/* Begin PBXContainerItemProxy section */
		FF3694C22A9BB7B1005EB026 /* PBXContainerItemProxy */ = {
			isa = PBXContainerItemProxy;
			containerPortal = FF3694A32A9BB7B0005EB026 /* Project object */;
			proxyType = 1;
			remoteGlobalIDString = FF3694AA2A9BB7B0005EB026;
			remoteInfo = MyToDoList;
		};
		FF3694CC2A9BB7B1005EB026 /* PBXContainerItemProxy */ = {
			isa = PBXContainerItemProxy;
			containerPortal = FF3694A32A9BB7B0005EB026 /* Project object */;
			proxyType = 1;
			remoteGlobalIDString = FF3694AA2A9BB7B0005EB026;
			remoteInfo = MyToDoList;
		};
/* End PBXContainerItemProxy section */

/* Begin PBXFileReference section */
		FF05054C2AE8526E00E3FAAB /* NavDrawerView.swift */ = {isa = PBXFileReference; lastKnownFileType = sourcecode.swift; path = NavDrawerView.swift; sourceTree = "<group>"; };
		FF3694AB2A9BB7B0005EB026 /* MyToDoList.app */ = {isa = PBXFileReference; explicitFileType = wrapper.application; includeInIndex = 0; path = MyToDoList.app; sourceTree = BUILT_PRODUCTS_DIR; };
		FF3694AE2A9BB7B0005EB026 /* MyToDoListApp.swift */ = {isa = PBXFileReference; lastKnownFileType = sourcecode.swift; path = MyToDoListApp.swift; sourceTree = "<group>"; };
		FF3694B02A9BB7B0005EB026 /* TaskListView.swift */ = {isa = PBXFileReference; lastKnownFileType = sourcecode.swift; path = TaskListView.swift; sourceTree = "<group>"; };
		FF3694B22A9BB7B1005EB026 /* Assets.xcassets */ = {isa = PBXFileReference; lastKnownFileType = folder.assetcatalog; path = Assets.xcassets; sourceTree = "<group>"; };
		FF3694B52A9BB7B1005EB026 /* Preview Assets.xcassets */ = {isa = PBXFileReference; lastKnownFileType = folder.assetcatalog; path = "Preview Assets.xcassets"; sourceTree = "<group>"; };
		FF3694B72A9BB7B1005EB026 /* Persistence.swift */ = {isa = PBXFileReference; lastKnownFileType = sourcecode.swift; path = Persistence.swift; sourceTree = "<group>"; };
		FF3694BA2A9BB7B1005EB026 /* MyToDoList.xcdatamodel */ = {isa = PBXFileReference; lastKnownFileType = wrapper.xcdatamodel; path = MyToDoList.xcdatamodel; sourceTree = "<group>"; };
		FF3694BC2A9BB7B1005EB026 /* Info.plist */ = {isa = PBXFileReference; lastKnownFileType = text.plist.xml; path = Info.plist; sourceTree = "<group>"; };
		FF3694C12A9BB7B1005EB026 /* MyToDoListTests.xctest */ = {isa = PBXFileReference; explicitFileType = wrapper.cfbundle; includeInIndex = 0; path = MyToDoListTests.xctest; sourceTree = BUILT_PRODUCTS_DIR; };
		FF3694C52A9BB7B1005EB026 /* MyToDoListTests.swift */ = {isa = PBXFileReference; lastKnownFileType = sourcecode.swift; path = MyToDoListTests.swift; sourceTree = "<group>"; };
		FF3694CB2A9BB7B1005EB026 /* MyToDoListUITests.xctest */ = {isa = PBXFileReference; explicitFileType = wrapper.cfbundle; includeInIndex = 0; path = MyToDoListUITests.xctest; sourceTree = BUILT_PRODUCTS_DIR; };
		FF3694CF2A9BB7B1005EB026 /* MyToDoListUITests.swift */ = {isa = PBXFileReference; lastKnownFileType = sourcecode.swift; path = MyToDoListUITests.swift; sourceTree = "<group>"; };
		FF3694D12A9BB7B1005EB026 /* MyToDoListUITestsLaunchTests.swift */ = {isa = PBXFileReference; lastKnownFileType = sourcecode.swift; path = MyToDoListUITestsLaunchTests.swift; sourceTree = "<group>"; };
		FF3694DE2A9BBA64005EB026 /* FloatingButton.swift */ = {isa = PBXFileReference; lastKnownFileType = sourcecode.swift; path = FloatingButton.swift; sourceTree = "<group>"; };
		FF3694E12A9BBAF3005EB026 /* TaskEditView.swift */ = {isa = PBXFileReference; lastKnownFileType = sourcecode.swift; path = TaskEditView.swift; sourceTree = "<group>"; };
		FF3694E32A9BC887005EB026 /* DateHolder.swift */ = {isa = PBXFileReference; lastKnownFileType = sourcecode.swift; path = DateHolder.swift; sourceTree = "<group>"; };
		FF3694E52A9BCD3A005EB026 /* TaskCell.swift */ = {isa = PBXFileReference; lastKnownFileType = sourcecode.swift; path = TaskCell.swift; sourceTree = "<group>"; };
		FF3694E72A9BCE43005EB026 /* CheckBoxView.swift */ = {isa = PBXFileReference; lastKnownFileType = sourcecode.swift; path = CheckBoxView.swift; sourceTree = "<group>"; };
		FF3694EA2A9BCF0A005EB026 /* TaskItemExtension.swift */ = {isa = PBXFileReference; lastKnownFileType = sourcecode.swift; path = TaskItemExtension.swift; sourceTree = "<group>"; };
		FF3694EC2A9BD591005EB026 /* DateScroller.swift */ = {isa = PBXFileReference; lastKnownFileType = sourcecode.swift; path = DateScroller.swift; sourceTree = "<group>"; };
		FF3694EE2A9CF65D005EB026 /* TaskFilter.swift */ = {isa = PBXFileReference; lastKnownFileType = sourcecode.swift; path = TaskFilter.swift; sourceTree = "<group>"; };
		FF3694F02A9D4522005EB026 /* DateFilter.swift */ = {isa = PBXFileReference; lastKnownFileType = sourcecode.swift; path = DateFilter.swift; sourceTree = "<group>"; };
		FF3694F62A9DC9EA005EB026 /* PriorityFilter.swift */ = {isa = PBXFileReference; lastKnownFileType = sourcecode.swift; path = PriorityFilter.swift; sourceTree = "<group>"; };
		FF3694FC2A9FD720005EB026 /* TaskTags.swift */ = {isa = PBXFileReference; lastKnownFileType = sourcecode.swift; path = TaskTags.swift; sourceTree = "<group>"; };
		FFD3282B2AE5BDA20016BEF5 /* NavigationDrawer.swift */ = {isa = PBXFileReference; lastKnownFileType = sourcecode.swift; path = NavigationDrawer.swift; sourceTree = "<group>"; };
		FFD3282D2AE5C5360016BEF5 /* NavigationDrawerView.swift */ = {isa = PBXFileReference; lastKnownFileType = sourcecode.swift; path = NavigationDrawerView.swift; sourceTree = "<group>"; };
		FFD328302AE5CCD40016BEF5 /* HomeView.swift */ = {isa = PBXFileReference; lastKnownFileType = sourcecode.swift; path = HomeView.swift; sourceTree = "<group>"; };
		FFD328322AE5CCF40016BEF5 /* TagsView.swift */ = {isa = PBXFileReference; lastKnownFileType = sourcecode.swift; path = TagsView.swift; sourceTree = "<group>"; };
		FFD328342AE5CCFF0016BEF5 /* SettingsView.swift */ = {isa = PBXFileReference; lastKnownFileType = sourcecode.swift; path = SettingsView.swift; sourceTree = "<group>"; };
/* End PBXFileReference section */

/* Begin PBXFrameworksBuildPhase section */
		FF3694A82A9BB7B0005EB026 /* Frameworks */ = {
			isa = PBXFrameworksBuildPhase;
			buildActionMask = 2147483647;
			files = (
			);
			runOnlyForDeploymentPostprocessing = 0;
		};
		FF3694BE2A9BB7B1005EB026 /* Frameworks */ = {
			isa = PBXFrameworksBuildPhase;
			buildActionMask = 2147483647;
			files = (
			);
			runOnlyForDeploymentPostprocessing = 0;
		};
		FF3694C82A9BB7B1005EB026 /* Frameworks */ = {
			isa = PBXFrameworksBuildPhase;
			buildActionMask = 2147483647;
			files = (
			);
			runOnlyForDeploymentPostprocessing = 0;
		};
/* End PBXFrameworksBuildPhase section */

/* Begin PBXGroup section */
		FF3694A22A9BB7B0005EB026 = {
			isa = PBXGroup;
			children = (
				FF3694AD2A9BB7B0005EB026 /* MyToDoList */,
				FF3694C42A9BB7B1005EB026 /* MyToDoListTests */,
				FF3694CE2A9BB7B1005EB026 /* MyToDoListUITests */,
				FF3694AC2A9BB7B0005EB026 /* Products */,
			);
			sourceTree = "<group>";
		};
		FF3694AC2A9BB7B0005EB026 /* Products */ = {
			isa = PBXGroup;
			children = (
				FF3694AB2A9BB7B0005EB026 /* MyToDoList.app */,
				FF3694C12A9BB7B1005EB026 /* MyToDoListTests.xctest */,
				FF3694CB2A9BB7B1005EB026 /* MyToDoListUITests.xctest */,
			);
			name = Products;
			sourceTree = "<group>";
		};
		FF3694AD2A9BB7B0005EB026 /* MyToDoList */ = {
			isa = PBXGroup;
			children = (
				FF3694E92A9BCEE6005EB026 /* Model */,
				FF3694E02A9BBAD4005EB026 /* Views */,
				FF3694AE2A9BB7B0005EB026 /* MyToDoListApp.swift */,
				FF3694B22A9BB7B1005EB026 /* Assets.xcassets */,
				FF3694BC2A9BB7B1005EB026 /* Info.plist */,
				FF3694B92A9BB7B1005EB026 /* MyToDoList.xcdatamodeld */,
				FF3694B42A9BB7B1005EB026 /* Preview Content */,
			);
			path = MyToDoList;
			sourceTree = "<group>";
		};
		FF3694B42A9BB7B1005EB026 /* Preview Content */ = {
			isa = PBXGroup;
			children = (
				FF3694B52A9BB7B1005EB026 /* Preview Assets.xcassets */,
			);
			path = "Preview Content";
			sourceTree = "<group>";
		};
		FF3694C42A9BB7B1005EB026 /* MyToDoListTests */ = {
			isa = PBXGroup;
			children = (
				FF3694C52A9BB7B1005EB026 /* MyToDoListTests.swift */,
			);
			path = MyToDoListTests;
			sourceTree = "<group>";
		};
		FF3694CE2A9BB7B1005EB026 /* MyToDoListUITests */ = {
			isa = PBXGroup;
			children = (
				FF3694CF2A9BB7B1005EB026 /* MyToDoListUITests.swift */,
				FF3694D12A9BB7B1005EB026 /* MyToDoListUITestsLaunchTests.swift */,
			);
			path = MyToDoListUITests;
			sourceTree = "<group>";
		};
		FF3694E02A9BBAD4005EB026 /* Views */ = {
			isa = PBXGroup;
			children = (
				FFD328282AE5BD030016BEF5 /* Navigation Drawer */,
				FF3694B02A9BB7B0005EB026 /* TaskListView.swift */,
				FF3694EC2A9BD591005EB026 /* DateScroller.swift */,
				FF3694DE2A9BBA64005EB026 /* FloatingButton.swift */,
				FF3694E12A9BBAF3005EB026 /* TaskEditView.swift */,
				FF3694E52A9BCD3A005EB026 /* TaskCell.swift */,
				FF3694E72A9BCE43005EB026 /* CheckBoxView.swift */,
			);
			path = Views;
			sourceTree = "<group>";
		};
		FF3694E92A9BCEE6005EB026 /* Model */ = {
			isa = PBXGroup;
			children = (
				FF3694B72A9BB7B1005EB026 /* Persistence.swift */,
				FF3694EA2A9BCF0A005EB026 /* TaskItemExtension.swift */,
				FF3694E32A9BC887005EB026 /* DateHolder.swift */,
				FF3694EE2A9CF65D005EB026 /* TaskFilter.swift */,
				FF3694F02A9D4522005EB026 /* DateFilter.swift */,
				FF3694F62A9DC9EA005EB026 /* PriorityFilter.swift */,
				FF3694FC2A9FD720005EB026 /* TaskTags.swift */,
			);
			path = Model;
			sourceTree = "<group>";
		};
		FFD328282AE5BD030016BEF5 /* Navigation Drawer */ = {
			isa = PBXGroup;
			children = (
				FFD3282F2AE5CCBF0016BEF5 /* Tabs */,
				FFD3282B2AE5BDA20016BEF5 /* NavigationDrawer.swift */,
				FFD3282D2AE5C5360016BEF5 /* NavigationDrawerView.swift */,
				FF05054C2AE8526E00E3FAAB /* NavDrawerView.swift */,
			);
			path = "Navigation Drawer";
			sourceTree = "<group>";
		};
		FFD3282F2AE5CCBF0016BEF5 /* Tabs */ = {
			isa = PBXGroup;
			children = (
				FFD328302AE5CCD40016BEF5 /* HomeView.swift */,
				FFD328322AE5CCF40016BEF5 /* TagsView.swift */,
				FFD328342AE5CCFF0016BEF5 /* SettingsView.swift */,
			);
			path = Tabs;
			sourceTree = "<group>";
		};
/* End PBXGroup section */

/* Begin PBXNativeTarget section */
		FF3694AA2A9BB7B0005EB026 /* MyToDoList */ = {
			isa = PBXNativeTarget;
			buildConfigurationList = FF3694D52A9BB7B1005EB026 /* Build configuration list for PBXNativeTarget "MyToDoList" */;
			buildPhases = (
				FF3694A72A9BB7B0005EB026 /* Sources */,
				FF3694A82A9BB7B0005EB026 /* Frameworks */,
				FF3694A92A9BB7B0005EB026 /* Resources */,
			);
			buildRules = (
			);
			dependencies = (
			);
			name = MyToDoList;
			productName = MyToDoList;
			productReference = FF3694AB2A9BB7B0005EB026 /* MyToDoList.app */;
			productType = "com.apple.product-type.application";
		};
		FF3694C02A9BB7B1005EB026 /* MyToDoListTests */ = {
			isa = PBXNativeTarget;
			buildConfigurationList = FF3694D82A9BB7B1005EB026 /* Build configuration list for PBXNativeTarget "MyToDoListTests" */;
			buildPhases = (
				FF3694BD2A9BB7B1005EB026 /* Sources */,
				FF3694BE2A9BB7B1005EB026 /* Frameworks */,
				FF3694BF2A9BB7B1005EB026 /* Resources */,
			);
			buildRules = (
			);
			dependencies = (
				FF3694C32A9BB7B1005EB026 /* PBXTargetDependency */,
			);
			name = MyToDoListTests;
			productName = MyToDoListTests;
			productReference = FF3694C12A9BB7B1005EB026 /* MyToDoListTests.xctest */;
			productType = "com.apple.product-type.bundle.unit-test";
		};
		FF3694CA2A9BB7B1005EB026 /* MyToDoListUITests */ = {
			isa = PBXNativeTarget;
			buildConfigurationList = FF3694DB2A9BB7B1005EB026 /* Build configuration list for PBXNativeTarget "MyToDoListUITests" */;
			buildPhases = (
				FF3694C72A9BB7B1005EB026 /* Sources */,
				FF3694C82A9BB7B1005EB026 /* Frameworks */,
				FF3694C92A9BB7B1005EB026 /* Resources */,
			);
			buildRules = (
			);
			dependencies = (
				FF3694CD2A9BB7B1005EB026 /* PBXTargetDependency */,
			);
			name = MyToDoListUITests;
			productName = MyToDoListUITests;
			productReference = FF3694CB2A9BB7B1005EB026 /* MyToDoListUITests.xctest */;
			productType = "com.apple.product-type.bundle.ui-testing";
		};
/* End PBXNativeTarget section */

/* Begin PBXProject section */
		FF3694A32A9BB7B0005EB026 /* Project object */ = {
			isa = PBXProject;
			attributes = {
				BuildIndependentTargetsInParallel = 1;
				LastSwiftUpdateCheck = 1430;
				LastUpgradeCheck = 1430;
				TargetAttributes = {
					FF3694AA2A9BB7B0005EB026 = {
						CreatedOnToolsVersion = 14.3.1;
					};
					FF3694C02A9BB7B1005EB026 = {
						CreatedOnToolsVersion = 14.3.1;
						TestTargetID = FF3694AA2A9BB7B0005EB026;
					};
					FF3694CA2A9BB7B1005EB026 = {
						CreatedOnToolsVersion = 14.3.1;
						TestTargetID = FF3694AA2A9BB7B0005EB026;
					};
				};
			};
			buildConfigurationList = FF3694A62A9BB7B0005EB026 /* Build configuration list for PBXProject "MyToDoList" */;
			compatibilityVersion = "Xcode 14.0";
			developmentRegion = en;
			hasScannedForEncodings = 0;
			knownRegions = (
				en,
				Base,
			);
			mainGroup = FF3694A22A9BB7B0005EB026;
			productRefGroup = FF3694AC2A9BB7B0005EB026 /* Products */;
			projectDirPath = "";
			projectRoot = "";
			targets = (
				FF3694AA2A9BB7B0005EB026 /* MyToDoList */,
				FF3694C02A9BB7B1005EB026 /* MyToDoListTests */,
				FF3694CA2A9BB7B1005EB026 /* MyToDoListUITests */,
			);
		};
/* End PBXProject section */

/* Begin PBXResourcesBuildPhase section */
		FF3694A92A9BB7B0005EB026 /* Resources */ = {
			isa = PBXResourcesBuildPhase;
			buildActionMask = 2147483647;
			files = (
				FF3694B62A9BB7B1005EB026 /* Preview Assets.xcassets in Resources */,
				FF3694B32A9BB7B1005EB026 /* Assets.xcassets in Resources */,
			);
			runOnlyForDeploymentPostprocessing = 0;
		};
		FF3694BF2A9BB7B1005EB026 /* Resources */ = {
			isa = PBXResourcesBuildPhase;
			buildActionMask = 2147483647;
			files = (
			);
			runOnlyForDeploymentPostprocessing = 0;
		};
		FF3694C92A9BB7B1005EB026 /* Resources */ = {
			isa = PBXResourcesBuildPhase;
			buildActionMask = 2147483647;
			files = (
			);
			runOnlyForDeploymentPostprocessing = 0;
		};
/* End PBXResourcesBuildPhase section */

/* Begin PBXSourcesBuildPhase section */
		FF3694A72A9BB7B0005EB026 /* Sources */ = {
			isa = PBXSourcesBuildPhase;
			buildActionMask = 2147483647;
			files = (
				FF3694E42A9BC887005EB026 /* DateHolder.swift in Sources */,
				FF3694EB2A9BCF0A005EB026 /* TaskItemExtension.swift in Sources */,
				FF3694F12A9D4522005EB026 /* DateFilter.swift in Sources */,
				FF3694B82A9BB7B1005EB026 /* Persistence.swift in Sources */,
				FF3694B12A9BB7B0005EB026 /* TaskListView.swift in Sources */,
				FFD328352AE5CCFF0016BEF5 /* SettingsView.swift in Sources */,
				FF3694EF2A9CF65D005EB026 /* TaskFilter.swift in Sources */,
				FFD3282C2AE5BDA20016BEF5 /* NavigationDrawer.swift in Sources */,
				FF3694DF2A9BBA64005EB026 /* FloatingButton.swift in Sources */,
				FF05054D2AE8526E00E3FAAB /* NavDrawerView.swift in Sources */,
				FF3694F72A9DC9EA005EB026 /* PriorityFilter.swift in Sources */,
				FFD328312AE5CCD40016BEF5 /* HomeView.swift in Sources */,
				FF3694E82A9BCE43005EB026 /* CheckBoxView.swift in Sources */,
				FF3694E62A9BCD3A005EB026 /* TaskCell.swift in Sources */,
				FFD3282E2AE5C5360016BEF5 /* NavigationDrawerView.swift in Sources */,
				FFD328332AE5CCF40016BEF5 /* TagsView.swift in Sources */,
				FF3694ED2A9BD591005EB026 /* DateScroller.swift in Sources */,
				FF3694FD2A9FD720005EB026 /* TaskTags.swift in Sources */,
				FF3694E22A9BBAF3005EB026 /* TaskEditView.swift in Sources */,
				FF3694AF2A9BB7B0005EB026 /* MyToDoListApp.swift in Sources */,
				FF3694BB2A9BB7B1005EB026 /* MyToDoList.xcdatamodeld in Sources */,
			);
			runOnlyForDeploymentPostprocessing = 0;
		};
		FF3694BD2A9BB7B1005EB026 /* Sources */ = {
			isa = PBXSourcesBuildPhase;
			buildActionMask = 2147483647;
			files = (
				FF3694C62A9BB7B1005EB026 /* MyToDoListTests.swift in Sources */,
			);
			runOnlyForDeploymentPostprocessing = 0;
		};
		FF3694C72A9BB7B1005EB026 /* Sources */ = {
			isa = PBXSourcesBuildPhase;
			buildActionMask = 2147483647;
			files = (
				FF3694D22A9BB7B1005EB026 /* MyToDoListUITestsLaunchTests.swift in Sources */,
				FF3694D02A9BB7B1005EB026 /* MyToDoListUITests.swift in Sources */,
			);
			runOnlyForDeploymentPostprocessing = 0;
		};
/* End PBXSourcesBuildPhase section */

/* Begin PBXTargetDependency section */
		FF3694C32A9BB7B1005EB026 /* PBXTargetDependency */ = {
			isa = PBXTargetDependency;
			target = FF3694AA2A9BB7B0005EB026 /* MyToDoList */;
			targetProxy = FF3694C22A9BB7B1005EB026 /* PBXContainerItemProxy */;
		};
		FF3694CD2A9BB7B1005EB026 /* PBXTargetDependency */ = {
			isa = PBXTargetDependency;
			target = FF3694AA2A9BB7B0005EB026 /* MyToDoList */;
			targetProxy = FF3694CC2A9BB7B1005EB026 /* PBXContainerItemProxy */;
		};
/* End PBXTargetDependency section */

/* Begin XCBuildConfiguration section */
		FF3694D32A9BB7B1005EB026 /* Debug */ = {
			isa = XCBuildConfiguration;
			buildSettings = {
				ALWAYS_SEARCH_USER_PATHS = NO;
				CLANG_ANALYZER_NONNULL = YES;
				CLANG_ANALYZER_NUMBER_OBJECT_CONVERSION = YES_AGGRESSIVE;
				CLANG_CXX_LANGUAGE_STANDARD = "gnu++20";
				CLANG_ENABLE_MODULES = YES;
				CLANG_ENABLE_OBJC_ARC = YES;
				CLANG_ENABLE_OBJC_WEAK = YES;
				CLANG_WARN_BLOCK_CAPTURE_AUTORELEASING = YES;
				CLANG_WARN_BOOL_CONVERSION = YES;
				CLANG_WARN_COMMA = YES;
				CLANG_WARN_CONSTANT_CONVERSION = YES;
				CLANG_WARN_DEPRECATED_OBJC_IMPLEMENTATIONS = YES;
				CLANG_WARN_DIRECT_OBJC_ISA_USAGE = YES_ERROR;
				CLANG_WARN_DOCUMENTATION_COMMENTS = YES;
				CLANG_WARN_EMPTY_BODY = YES;
				CLANG_WARN_ENUM_CONVERSION = YES;
				CLANG_WARN_INFINITE_RECURSION = YES;
				CLANG_WARN_INT_CONVERSION = YES;
				CLANG_WARN_NON_LITERAL_NULL_CONVERSION = YES;
				CLANG_WARN_OBJC_IMPLICIT_RETAIN_SELF = YES;
				CLANG_WARN_OBJC_LITERAL_CONVERSION = YES;
				CLANG_WARN_OBJC_ROOT_CLASS = YES_ERROR;
				CLANG_WARN_QUOTED_INCLUDE_IN_FRAMEWORK_HEADER = YES;
				CLANG_WARN_RANGE_LOOP_ANALYSIS = YES;
				CLANG_WARN_STRICT_PROTOTYPES = YES;
				CLANG_WARN_SUSPICIOUS_MOVE = YES;
				CLANG_WARN_UNGUARDED_AVAILABILITY = YES_AGGRESSIVE;
				CLANG_WARN_UNREACHABLE_CODE = YES;
				CLANG_WARN__DUPLICATE_METHOD_MATCH = YES;
				COPY_PHASE_STRIP = NO;
				DEBUG_INFORMATION_FORMAT = dwarf;
				ENABLE_STRICT_OBJC_MSGSEND = YES;
				ENABLE_TESTABILITY = YES;
				GCC_C_LANGUAGE_STANDARD = gnu11;
				GCC_DYNAMIC_NO_PIC = NO;
				GCC_NO_COMMON_BLOCKS = YES;
				GCC_OPTIMIZATION_LEVEL = 0;
				GCC_PREPROCESSOR_DEFINITIONS = (
					"DEBUG=1",
					"$(inherited)",
				);
				GCC_WARN_64_TO_32_BIT_CONVERSION = YES;
				GCC_WARN_ABOUT_RETURN_TYPE = YES_ERROR;
				GCC_WARN_UNDECLARED_SELECTOR = YES;
				GCC_WARN_UNINITIALIZED_AUTOS = YES_AGGRESSIVE;
				GCC_WARN_UNUSED_FUNCTION = YES;
				GCC_WARN_UNUSED_VARIABLE = YES;
				IPHONEOS_DEPLOYMENT_TARGET = 16.4;
				MTL_ENABLE_DEBUG_INFO = INCLUDE_SOURCE;
				MTL_FAST_MATH = YES;
				ONLY_ACTIVE_ARCH = YES;
				SDKROOT = iphoneos;
				SWIFT_ACTIVE_COMPILATION_CONDITIONS = DEBUG;
				SWIFT_OPTIMIZATION_LEVEL = "-Onone";
			};
			name = Debug;
		};
		FF3694D42A9BB7B1005EB026 /* Release */ = {
			isa = XCBuildConfiguration;
			buildSettings = {
				ALWAYS_SEARCH_USER_PATHS = NO;
				CLANG_ANALYZER_NONNULL = YES;
				CLANG_ANALYZER_NUMBER_OBJECT_CONVERSION = YES_AGGRESSIVE;
				CLANG_CXX_LANGUAGE_STANDARD = "gnu++20";
				CLANG_ENABLE_MODULES = YES;
				CLANG_ENABLE_OBJC_ARC = YES;
				CLANG_ENABLE_OBJC_WEAK = YES;
				CLANG_WARN_BLOCK_CAPTURE_AUTORELEASING = YES;
				CLANG_WARN_BOOL_CONVERSION = YES;
				CLANG_WARN_COMMA = YES;
				CLANG_WARN_CONSTANT_CONVERSION = YES;
				CLANG_WARN_DEPRECATED_OBJC_IMPLEMENTATIONS = YES;
				CLANG_WARN_DIRECT_OBJC_ISA_USAGE = YES_ERROR;
				CLANG_WARN_DOCUMENTATION_COMMENTS = YES;
				CLANG_WARN_EMPTY_BODY = YES;
				CLANG_WARN_ENUM_CONVERSION = YES;
				CLANG_WARN_INFINITE_RECURSION = YES;
				CLANG_WARN_INT_CONVERSION = YES;
				CLANG_WARN_NON_LITERAL_NULL_CONVERSION = YES;
				CLANG_WARN_OBJC_IMPLICIT_RETAIN_SELF = YES;
				CLANG_WARN_OBJC_LITERAL_CONVERSION = YES;
				CLANG_WARN_OBJC_ROOT_CLASS = YES_ERROR;
				CLANG_WARN_QUOTED_INCLUDE_IN_FRAMEWORK_HEADER = YES;
				CLANG_WARN_RANGE_LOOP_ANALYSIS = YES;
				CLANG_WARN_STRICT_PROTOTYPES = YES;
				CLANG_WARN_SUSPICIOUS_MOVE = YES;
				CLANG_WARN_UNGUARDED_AVAILABILITY = YES_AGGRESSIVE;
				CLANG_WARN_UNREACHABLE_CODE = YES;
				CLANG_WARN__DUPLICATE_METHOD_MATCH = YES;
				COPY_PHASE_STRIP = NO;
				DEBUG_INFORMATION_FORMAT = "dwarf-with-dsym";
				ENABLE_NS_ASSERTIONS = NO;
				ENABLE_STRICT_OBJC_MSGSEND = YES;
				GCC_C_LANGUAGE_STANDARD = gnu11;
				GCC_NO_COMMON_BLOCKS = YES;
				GCC_WARN_64_TO_32_BIT_CONVERSION = YES;
				GCC_WARN_ABOUT_RETURN_TYPE = YES_ERROR;
				GCC_WARN_UNDECLARED_SELECTOR = YES;
				GCC_WARN_UNINITIALIZED_AUTOS = YES_AGGRESSIVE;
				GCC_WARN_UNUSED_FUNCTION = YES;
				GCC_WARN_UNUSED_VARIABLE = YES;
				IPHONEOS_DEPLOYMENT_TARGET = 16.4;
				MTL_ENABLE_DEBUG_INFO = NO;
				MTL_FAST_MATH = YES;
				SDKROOT = iphoneos;
				SWIFT_COMPILATION_MODE = wholemodule;
				SWIFT_OPTIMIZATION_LEVEL = "-O";
				VALIDATE_PRODUCT = YES;
			};
			name = Release;
		};
		FF3694D62A9BB7B1005EB026 /* Debug */ = {
			isa = XCBuildConfiguration;
			buildSettings = {
				ASSETCATALOG_COMPILER_APPICON_NAME = AppIcon;
				ASSETCATALOG_COMPILER_GLOBAL_ACCENT_COLOR_NAME = AccentColor;
				CODE_SIGN_STYLE = Automatic;
				CURRENT_PROJECT_VERSION = 1;
				DEVELOPMENT_ASSET_PATHS = "\"MyToDoList/Preview Content\"";
				ENABLE_PREVIEWS = YES;
				GENERATE_INFOPLIST_FILE = YES;
				INFOPLIST_KEY_UIApplicationSceneManifest_Generation = YES;
				INFOPLIST_KEY_UIApplicationSupportsIndirectInputEvents = YES;
				INFOPLIST_KEY_UILaunchScreen_Generation = YES;
				INFOPLIST_KEY_UISupportedInterfaceOrientations_iPad = "UIInterfaceOrientationPortrait UIInterfaceOrientationPortraitUpsideDown UIInterfaceOrientationLandscapeLeft UIInterfaceOrientationLandscapeRight";
				INFOPLIST_KEY_UISupportedInterfaceOrientations_iPhone = "UIInterfaceOrientationPortrait UIInterfaceOrientationLandscapeLeft UIInterfaceOrientationLandscapeRight";
				LD_RUNPATH_SEARCH_PATHS = (
					"$(inherited)",
					"@executable_path/Frameworks",
				);
				MARKETING_VERSION = 1.0;
				PRODUCT_BUNDLE_IDENTIFIER = PM.MyToDoList;
				PRODUCT_NAME = "$(TARGET_NAME)";
				SWIFT_EMIT_LOC_STRINGS = YES;
				SWIFT_VERSION = 5.0;
				TARGETED_DEVICE_FAMILY = "1,2";
			};
			name = Debug;
		};
		FF3694D72A9BB7B1005EB026 /* Release */ = {
			isa = XCBuildConfiguration;
			buildSettings = {
				ASSETCATALOG_COMPILER_APPICON_NAME = AppIcon;
				ASSETCATALOG_COMPILER_GLOBAL_ACCENT_COLOR_NAME = AccentColor;
				CODE_SIGN_STYLE = Automatic;
				CURRENT_PROJECT_VERSION = 1;
				DEVELOPMENT_ASSET_PATHS = "\"MyToDoList/Preview Content\"";
				ENABLE_PREVIEWS = YES;
				GENERATE_INFOPLIST_FILE = YES;
				INFOPLIST_KEY_UIApplicationSceneManifest_Generation = YES;
				INFOPLIST_KEY_UIApplicationSupportsIndirectInputEvents = YES;
				INFOPLIST_KEY_UILaunchScreen_Generation = YES;
				INFOPLIST_KEY_UISupportedInterfaceOrientations_iPad = "UIInterfaceOrientationPortrait UIInterfaceOrientationPortraitUpsideDown UIInterfaceOrientationLandscapeLeft UIInterfaceOrientationLandscapeRight";
				INFOPLIST_KEY_UISupportedInterfaceOrientations_iPhone = "UIInterfaceOrientationPortrait UIInterfaceOrientationLandscapeLeft UIInterfaceOrientationLandscapeRight";
				LD_RUNPATH_SEARCH_PATHS = (
					"$(inherited)",
					"@executable_path/Frameworks",
				);
				MARKETING_VERSION = 1.0;
				PRODUCT_BUNDLE_IDENTIFIER = PM.MyToDoList;
				PRODUCT_NAME = "$(TARGET_NAME)";
				SWIFT_EMIT_LOC_STRINGS = YES;
				SWIFT_VERSION = 5.0;
				TARGETED_DEVICE_FAMILY = "1,2";
			};
			name = Release;
		};
		FF3694D92A9BB7B1005EB026 /* Debug */ = {
			isa = XCBuildConfiguration;
			buildSettings = {
				ALWAYS_EMBED_SWIFT_STANDARD_LIBRARIES = YES;
				BUNDLE_LOADER = "$(TEST_HOST)";
				CODE_SIGN_STYLE = Automatic;
				CURRENT_PROJECT_VERSION = 1;
				GENERATE_INFOPLIST_FILE = YES;
				IPHONEOS_DEPLOYMENT_TARGET = 16.4;
				MARKETING_VERSION = 1.0;
				PRODUCT_BUNDLE_IDENTIFIER = PM.MyToDoListTests;
				PRODUCT_NAME = "$(TARGET_NAME)";
				SWIFT_EMIT_LOC_STRINGS = NO;
				SWIFT_VERSION = 5.0;
				TARGETED_DEVICE_FAMILY = "1,2";
				TEST_HOST = "$(BUILT_PRODUCTS_DIR)/MyToDoList.app/$(BUNDLE_EXECUTABLE_FOLDER_PATH)/MyToDoList";
			};
			name = Debug;
		};
		FF3694DA2A9BB7B1005EB026 /* Release */ = {
			isa = XCBuildConfiguration;
			buildSettings = {
				ALWAYS_EMBED_SWIFT_STANDARD_LIBRARIES = YES;
				BUNDLE_LOADER = "$(TEST_HOST)";
				CODE_SIGN_STYLE = Automatic;
				CURRENT_PROJECT_VERSION = 1;
				GENERATE_INFOPLIST_FILE = YES;
				IPHONEOS_DEPLOYMENT_TARGET = 16.4;
				MARKETING_VERSION = 1.0;
				PRODUCT_BUNDLE_IDENTIFIER = PM.MyToDoListTests;
				PRODUCT_NAME = "$(TARGET_NAME)";
				SWIFT_EMIT_LOC_STRINGS = NO;
				SWIFT_VERSION = 5.0;
				TARGETED_DEVICE_FAMILY = "1,2";
				TEST_HOST = "$(BUILT_PRODUCTS_DIR)/MyToDoList.app/$(BUNDLE_EXECUTABLE_FOLDER_PATH)/MyToDoList";
			};
			name = Release;
		};
		FF3694DC2A9BB7B1005EB026 /* Debug */ = {
			isa = XCBuildConfiguration;
			buildSettings = {
				ALWAYS_EMBED_SWIFT_STANDARD_LIBRARIES = YES;
				CODE_SIGN_STYLE = Automatic;
				CURRENT_PROJECT_VERSION = 1;
				GENERATE_INFOPLIST_FILE = YES;
				MARKETING_VERSION = 1.0;
				PRODUCT_BUNDLE_IDENTIFIER = PM.MyToDoListUITests;
				PRODUCT_NAME = "$(TARGET_NAME)";
				SWIFT_EMIT_LOC_STRINGS = NO;
				SWIFT_VERSION = 5.0;
				TARGETED_DEVICE_FAMILY = "1,2";
				TEST_TARGET_NAME = MyToDoList;
			};
			name = Debug;
		};
		FF3694DD2A9BB7B1005EB026 /* Release */ = {
			isa = XCBuildConfiguration;
			buildSettings = {
				ALWAYS_EMBED_SWIFT_STANDARD_LIBRARIES = YES;
				CODE_SIGN_STYLE = Automatic;
				CURRENT_PROJECT_VERSION = 1;
				GENERATE_INFOPLIST_FILE = YES;
				MARKETING_VERSION = 1.0;
				PRODUCT_BUNDLE_IDENTIFIER = PM.MyToDoListUITests;
				PRODUCT_NAME = "$(TARGET_NAME)";
				SWIFT_EMIT_LOC_STRINGS = NO;
				SWIFT_VERSION = 5.0;
				TARGETED_DEVICE_FAMILY = "1,2";
				TEST_TARGET_NAME = MyToDoList;
			};
			name = Release;
		};
/* End XCBuildConfiguration section */

/* Begin XCConfigurationList section */
		FF3694A62A9BB7B0005EB026 /* Build configuration list for PBXProject "MyToDoList" */ = {
			isa = XCConfigurationList;
			buildConfigurations = (
				FF3694D32A9BB7B1005EB026 /* Debug */,
				FF3694D42A9BB7B1005EB026 /* Release */,
			);
			defaultConfigurationIsVisible = 0;
			defaultConfigurationName = Release;
		};
		FF3694D52A9BB7B1005EB026 /* Build configuration list for PBXNativeTarget "MyToDoList" */ = {
			isa = XCConfigurationList;
			buildConfigurations = (
				FF3694D62A9BB7B1005EB026 /* Debug */,
				FF3694D72A9BB7B1005EB026 /* Release */,
			);
			defaultConfigurationIsVisible = 0;
			defaultConfigurationName = Release;
		};
		FF3694D82A9BB7B1005EB026 /* Build configuration list for PBXNativeTarget "MyToDoListTests" */ = {
			isa = XCConfigurationList;
			buildConfigurations = (
				FF3694D92A9BB7B1005EB026 /* Debug */,
				FF3694DA2A9BB7B1005EB026 /* Release */,
			);
			defaultConfigurationIsVisible = 0;
			defaultConfigurationName = Release;
		};
		FF3694DB2A9BB7B1005EB026 /* Build configuration list for PBXNativeTarget "MyToDoListUITests" */ = {
			isa = XCConfigurationList;
			buildConfigurations = (
				FF3694DC2A9BB7B1005EB026 /* Debug */,
				FF3694DD2A9BB7B1005EB026 /* Release */,
			);
			defaultConfigurationIsVisible = 0;
			defaultConfigurationName = Release;
		};
/* End XCConfigurationList section */

/* Begin XCVersionGroup section */
		FF3694B92A9BB7B1005EB026 /* MyToDoList.xcdatamodeld */ = {
			isa = XCVersionGroup;
			children = (
				FF3694BA2A9BB7B1005EB026 /* MyToDoList.xcdatamodel */,
			);
			currentVersion = FF3694BA2A9BB7B1005EB026 /* MyToDoList.xcdatamodel */;
			path = MyToDoList.xcdatamodeld;
			sourceTree = "<group>";
			versionGroupType = wrapper.xcdatamodel;
		};
/* End XCVersionGroup section */
	};
	rootObject = FF3694A32A9BB7B0005EB026 /* Project object */;
}
